
Microsoft Visual Studio Solution File, Format Version 12.00
# Visual Studio Version 16
VisualStudioVersion = 16.0.30413.136
MinimumVisualStudioVersion = 10.0.40219.1
Project("{2150E333-8FDC-42A3-9474-1A3956D46DE8}") = "Movil", "Movil", "{7D490490-4FD4-4322-8E07-BCFE701769E6}"
EndProject
Project("{2150E333-8FDC-42A3-9474-1A3956D46DE8}") = "Web", "Web", "{1A894D6E-F179-4E11-A0B3-22FF81CC5D30}"
EndProject
Project("{9A19103F-16F7-4668-BE54-9A1E7A4F7556}") = "MyLeasing.Common", "MyLeasing.Common\MyLeasing.Common.csproj", "{60D2AA8B-7C87-48F8-A24D-162BC57B4E1F}"
EndProject
Project("{9A19103F-16F7-4668-BE54-9A1E7A4F7556}") = "MyLeasing.Api", "MyLeasing.Api\MyLeasing.Api.csproj", "{6684810F-AA34-4574-B1CA-CE86EF41662E}"
EndProject
Project("{FAE04EC0-301F-11D3-BF4B-00C04F79EFBC}") = "MyLeasing", "MyLeasing\MyLeasing\MyLeasing.csproj", "{ACE5136C-B5C9-4941-BD57-7A584F8A8ACB}"
EndProject
Project("{FAE04EC0-301F-11D3-BF4B-00C04F79EFBC}") = "MyLeasing.Android", "MyLeasing\MyLeasing.Android\MyLeasing.Android.csproj", "{A8B6A5B3-4533-4A83-945A-8D5C3AE0FBE7}"
EndProject
Project("{FAE04EC0-301F-11D3-BF4B-00C04F79EFBC}") = "MyLeasing.iOS", "MyLeasing\MyLeasing.iOS\MyLeasing.iOS.csproj", "{856721AE-122E-4EE1-BCA6-FC6055CA29BC}"
EndProject
Global
	GlobalSection(SolutionConfigurationPlatforms) = preSolution
		Ad-Hoc|Any CPU = Ad-Hoc|Any CPU
		Ad-Hoc|iPhone = Ad-Hoc|iPhone
		Ad-Hoc|iPhoneSimulator = Ad-Hoc|iPhoneSimulator
		AppStore|Any CPU = AppStore|Any CPU
		AppStore|iPhone = AppStore|iPhone
		AppStore|iPhoneSimulator = AppStore|iPhoneSimulator
		Debug|Any CPU = Debug|Any CPU
		Debug|iPhone = Debug|iPhone
		Debug|iPhoneSimulator = Debug|iPhoneSimulator
		Release|Any CPU = Release|Any CPU
		Release|iPhone = Release|iPhone
		Release|iPhoneSimulator = Release|iPhoneSimulator
	EndGlobalSection
	GlobalSection(ProjectConfigurationPlatforms) = postSolution
		{60D2AA8B-7C87-48F8-A24D-162BC57B4E1F}.Ad-Hoc|Any CPU.ActiveCfg = Release|Any CPU
		{60D2AA8B-7C87-48F8-A24D-162BC57B4E1F}.Ad-Hoc|Any CPU.Build.0 = Release|Any CPU
		{60D2AA8B-7C87-48F8-A24D-162BC57B4E1F}.Ad-Hoc|iPhone.ActiveCfg = Release|Any CPU
		{60D2AA8B-7C87-48F8-A24D-162BC57B4E1F}.Ad-Hoc|iPhone.Build.0 = Release|Any CPU
		{60D2AA8B-7C87-48F8-A24D-162BC57B4E1F}.Ad-Hoc|iPhoneSimulator.ActiveCfg = Release|Any CPU
		{60D2AA8B-7C87-48F8-A24D-162BC57B4E1F}.Ad-Hoc|iPhoneSimulator.Build.0 = Release|Any CPU
		{60D2AA8B-7C87-48F8-A24D-162BC57B4E1F}.AppStore|Any CPU.ActiveCfg = Release|Any CPU
		{60D2AA8B-7C87-48F8-A24D-162BC57B4E1F}.AppStore|Any CPU.Build.0 = Release|Any CPU
		{60D2AA8B-7C87-48F8-A24D-162BC57B4E1F}.AppStore|iPhone.ActiveCfg = Release|Any CPU
		{60D2AA8B-7C87-48F8-A24D-162BC57B4E1F}.AppStore|iPhone.Build.0 = Release|Any CPU
		{60D2AA8B-7C87-48F8-A24D-162BC57B4E1F}.AppStore|iPhoneSimulator.ActiveCfg = Release|Any CPU
		{60D2AA8B-7C87-48F8-A24D-162BC57B4E1F}.AppStore|iPhoneSimulator.Build.0 = Release|Any CPU
		{60D2AA8B-7C87-48F8-A24D-162BC57B4E1F}.Debug|Any CPU.ActiveCfg = Debug|Any CPU
		{60D2AA8B-7C87-48F8-A24D-162BC57B4E1F}.Debug|Any CPU.Build.0 = Debug|Any CPU
		{60D2AA8B-7C87-48F8-A24D-162BC57B4E1F}.Debug|iPhone.ActiveCfg = Debug|Any CPU
		{60D2AA8B-7C87-48F8-A24D-162BC57B4E1F}.Debug|iPhone.Build.0 = Debug|Any CPU
		{60D2AA8B-7C87-48F8-A24D-162BC57B4E1F}.Debug|iPhoneSimulator.ActiveCfg = Debug|Any CPU
		{60D2AA8B-7C87-48F8-A24D-162BC57B4E1F}.Debug|iPhoneSimulator.Build.0 = Debug|Any CPU
		{60D2AA8B-7C87-48F8-A24D-162BC57B4E1F}.Release|Any CPU.ActiveCfg = Release|Any CPU
		{60D2AA8B-7C87-48F8-A24D-162BC57B4E1F}.Release|Any CPU.Build.0 = Release|Any CPU
		{60D2AA8B-7C87-48F8-A24D-162BC57B4E1F}.Release|iPhone.ActiveCfg = Release|Any CPU
		{60D2AA8B-7C87-48F8-A24D-162BC57B4E1F}.Release|iPhone.Build.0 = Release|Any CPU
		{60D2AA8B-7C87-48F8-A24D-162BC57B4E1F}.Release|iPhoneSimulator.ActiveCfg = Release|Any CPU
		{60D2AA8B-7C87-48F8-A24D-162BC57B4E1F}.Release|iPhoneSimulator.Build.0 = Release|Any CPU
		{6684810F-AA34-4574-B1CA-CE86EF41662E}.Ad-Hoc|Any CPU.ActiveCfg = Release|Any CPU
		{6684810F-AA34-4574-B1CA-CE86EF41662E}.Ad-Hoc|Any CPU.Build.0 = Release|Any CPU
		{6684810F-AA34-4574-B1CA-CE86EF41662E}.Ad-Hoc|iPhone.ActiveCfg = Release|Any CPU
		{6684810F-AA34-4574-B1CA-CE86EF41662E}.Ad-Hoc|iPhone.Build.0 = Release|Any CPU
		{6684810F-AA34-4574-B1CA-CE86EF41662E}.Ad-Hoc|iPhoneSimulator.ActiveCfg = Release|Any CPU
		{6684810F-AA34-4574-B1CA-CE86EF41662E}.Ad-Hoc|iPhoneSimulator.Build.0 = Release|Any CPU
		{6684810F-AA34-4574-B1CA-CE86EF41662E}.AppStore|Any CPU.ActiveCfg = Release|Any CPU
		{6684810F-AA34-4574-B1CA-CE86EF41662E}.AppStore|Any CPU.Build.0 = Release|Any CPU
		{6684810F-AA34-4574-B1CA-CE86EF41662E}.AppStore|iPhone.ActiveCfg = Release|Any CPU
		{6684810F-AA34-4574-B1CA-CE86EF41662E}.AppStore|iPhone.Build.0 = Release|Any CPU
		{6684810F-AA34-4574-B1CA-CE86EF41662E}.AppStore|iPhoneSimulator.ActiveCfg = Release|Any CPU
		{6684810F-AA34-4574-B1CA-CE86EF41662E}.AppStore|iPhoneSimulator.Build.0 = Release|Any CPU
		{6684810F-AA34-4574-B1CA-CE86EF41662E}.Debug|Any CPU.ActiveCfg = Debug|Any CPU
		{6684810F-AA34-4574-B1CA-CE86EF41662E}.Debug|Any CPU.Build.0 = Debug|Any CPU
		{6684810F-AA34-4574-B1CA-CE86EF41662E}.Debug|iPhone.ActiveCfg = Debug|Any CPU
		{6684810F-AA34-4574-B1CA-CE86EF41662E}.Debug|iPhone.Build.0 = Debug|Any CPU
		{6684810F-AA34-4574-B1CA-CE86EF41662E}.Debug|iPhoneSimulator.ActiveCfg = Debug|Any CPU
		{6684810F-AA34-4574-B1CA-CE86EF41662E}.Debug|iPhoneSimulator.Build.0 = Debug|Any CPU
		{6684810F-AA34-4574-B1CA-CE86EF41662E}.Release|Any CPU.ActiveCfg = Release|Any CPU
		{6684810F-AA34-4574-B1CA-CE86EF41662E}.Release|Any CPU.Build.0 = Release|Any CPU
		{6684810F-AA34-4574-B1CA-CE86EF41662E}.Release|iPhone.ActiveCfg = Release|Any CPU
		{6684810F-AA34-4574-B1CA-CE86EF41662E}.Release|iPhone.Build.0 = Release|Any CPU
		{6684810F-AA34-4574-B1CA-CE86EF41662E}.Release|iPhoneSimulator.ActiveCfg = Release|Any CPU
		{6684810F-AA34-4574-B1CA-CE86EF41662E}.Release|iPhoneSimulator.Build.0 = Release|Any CPU
		{ACE5136C-B5C9-4941-BD57-7A584F8A8ACB}.Ad-Hoc|Any CPU.ActiveCfg = Release|Any CPU
		{ACE5136C-B5C9-4941-BD57-7A584F8A8ACB}.Ad-Hoc|Any CPU.Build.0 = Release|Any CPU
		{ACE5136C-B5C9-4941-BD57-7A584F8A8ACB}.Ad-Hoc|iPhone.ActiveCfg = Release|Any CPU
		{ACE5136C-B5C9-4941-BD57-7A584F8A8ACB}.Ad-Hoc|iPhone.Build.0 = Release|Any CPU
		{ACE5136C-B5C9-4941-BD57-7A584F8A8ACB}.Ad-Hoc|iPhoneSimulator.ActiveCfg = Release|Any CPU
		{ACE5136C-B5C9-4941-BD57-7A584F8A8ACB}.Ad-Hoc|iPhoneSimulator.Build.0 = Release|Any CPU
		{ACE5136C-B5C9-4941-BD57-7A584F8A8ACB}.AppStore|Any CPU.ActiveCfg = Release|Any CPU
		{ACE5136C-B5C9-4941-BD57-7A584F8A8ACB}.AppStore|Any CPU.Build.0 = Release|Any CPU
		{ACE5136C-B5C9-4941-BD57-7A584F8A8ACB}.AppStore|iPhone.ActiveCfg = Release|Any CPU
		{ACE5136C-B5C9-4941-BD57-7A584F8A8ACB}.AppStore|iPhone.Build.0 = Release|Any CPU
		{ACE5136C-B5C9-4941-BD57-7A584F8A8ACB}.AppStore|iPhoneSimulator.ActiveCfg = Release|Any CPU
		{ACE5136C-B5C9-4941-BD57-7A584F8A8ACB}.AppStore|iPhoneSimulator.Build.0 = Release|Any CPU
		{ACE5136C-B5C9-4941-BD57-7A584F8A8ACB}.Debug|Any CPU.ActiveCfg = Debug|Any CPU
		{ACE5136C-B5C9-4941-BD57-7A584F8A8ACB}.Debug|Any CPU.Build.0 = Debug|Any CPU
		{ACE5136C-B5C9-4941-BD57-7A584F8A8ACB}.Debug|iPhone.ActiveCfg = Debug|Any CPU
		{ACE5136C-B5C9-4941-BD57-7A584F8A8ACB}.Debug|iPhone.Build.0 = Debug|Any CPU
		{ACE5136C-B5C9-4941-BD57-7A584F8A8ACB}.Debug|iPhoneSimulator.ActiveCfg = Debug|Any CPU
		{ACE5136C-B5C9-4941-BD57-7A584F8A8ACB}.Debug|iPhoneSimulator.Build.0 = Debug|Any CPU
		{ACE5136C-B5C9-4941-BD57-7A584F8A8ACB}.Release|Any CPU.ActiveCfg = Release|Any CPU
		{ACE5136C-B5C9-4941-BD57-7A584F8A8ACB}.Release|Any CPU.Build.0 = Release|Any CPU
		{ACE5136C-B5C9-4941-BD57-7A584F8A8ACB}.Release|iPhone.ActiveCfg = Release|Any CPU
		{ACE5136C-B5C9-4941-BD57-7A584F8A8ACB}.Release|iPhone.Build.0 = Release|Any CPU
		{ACE5136C-B5C9-4941-BD57-7A584F8A8ACB}.Release|iPhoneSimulator.ActiveCfg = Release|Any CPU
		{ACE5136C-B5C9-4941-BD57-7A584F8A8ACB}.Release|iPhoneSimulator.Build.0 = Release|Any CPU
		{A8B6A5B3-4533-4A83-945A-8D5C3AE0FBE7}.Ad-Hoc|Any CPU.ActiveCfg = Debug|Any CPU
		{A8B6A5B3-4533-4A83-945A-8D5C3AE0FBE7}.Ad-Hoc|Any CPU.Build.0 = Debug|Any CPU
		{A8B6A5B3-4533-4A83-945A-8D5C3AE0FBE7}.Ad-Hoc|Any CPU.Deploy.0 = Debug|Any CPU
		{A8B6A5B3-4533-4A83-945A-8D5C3AE0FBE7}.Ad-Hoc|iPhone.ActiveCfg = Debug|Any CPU
		{A8B6A5B3-4533-4A83-945A-8D5C3AE0FBE7}.Ad-Hoc|iPhone.Build.0 = Debug|Any CPU
		{A8B6A5B3-4533-4A83-945A-8D5C3AE0FBE7}.Ad-Hoc|iPhone.Deploy.0 = Debug|Any CPU
		{A8B6A5B3-4533-4A83-945A-8D5C3AE0FBE7}.Ad-Hoc|iPhoneSimulator.ActiveCfg = Debug|Any CPU
		{A8B6A5B3-4533-4A83-945A-8D5C3AE0FBE7}.Ad-Hoc|iPhoneSimulator.Build.0 = Debug|Any CPU
		{A8B6A5B3-4533-4A83-945A-8D5C3AE0FBE7}.Ad-Hoc|iPhoneSimulator.Deploy.0 = Debug|Any CPU
		{A8B6A5B3-4533-4A83-945A-8D5C3AE0FBE7}.AppStore|Any CPU.ActiveCfg = Debug|Any CPU
		{A8B6A5B3-4533-4A83-945A-8D5C3AE0FBE7}.AppStore|Any CPU.Build.0 = Debug|Any CPU
		{A8B6A5B3-4533-4A83-945A-8D5C3AE0FBE7}.AppStore|Any CPU.Deploy.0 = Debug|Any CPU
		{A8B6A5B3-4533-4A83-945A-8D5C3AE0FBE7}.AppStore|iPhone.ActiveCfg = Debug|Any CPU
		{A8B6A5B3-4533-4A83-945A-8D5C3AE0FBE7}.AppStore|iPhone.Build.0 = Debug|Any CPU
		{A8B6A5B3-4533-4A83-945A-8D5C3AE0FBE7}.AppStore|iPhone.Deploy.0 = Debug|Any CPU
		{A8B6A5B3-4533-4A83-945A-8D5C3AE0FBE7}.AppStore|iPhoneSimulator.ActiveCfg = Debug|Any CPU
		{A8B6A5B3-4533-4A83-945A-8D5C3AE0FBE7}.AppStore|iPhoneSimulator.Build.0 = Debug|Any CPU
		{A8B6A5B3-4533-4A83-945A-8D5C3AE0FBE7}.AppStore|iPhoneSimulator.Deploy.0 = Debug|Any CPU
		{A8B6A5B3-4533-4A83-945A-8D5C3AE0FBE7}.Debug|Any CPU.ActiveCfg = Debug|Any CPU
		{A8B6A5B3-4533-4A83-945A-8D5C3AE0FBE7}.Debug|Any CPU.Build.0 = Debug|Any CPU
		{A8B6A5B3-4533-4A83-945A-8D5C3AE0FBE7}.Debug|Any CPU.Deploy.0 = Debug|Any CPU
		{A8B6A5B3-4533-4A83-945A-8D5C3AE0FBE7}.Debug|iPhone.ActiveCfg = Debug|Any CPU
		{A8B6A5B3-4533-4A83-945A-8D5C3AE0FBE7}.Debug|iPhone.Build.0 = Debug|Any CPU
		{A8B6A5B3-4533-4A83-945A-8D5C3AE0FBE7}.Debug|iPhone.Deploy.0 = Debug|Any CPU
		{A8B6A5B3-4533-4A83-945A-8D5C3AE0FBE7}.Debug|iPhoneSimulator.ActiveCfg = Debug|Any CPU
		{A8B6A5B3-4533-4A83-945A-8D5C3AE0FBE7}.Debug|iPhoneSimulator.Build.0 = Debug|Any CPU
		{A8B6A5B3-4533-4A83-945A-8D5C3AE0FBE7}.Debug|iPhoneSimulator.Deploy.0 = Debug|Any CPU
		{A8B6A5B3-4533-4A83-945A-8D5C3AE0FBE7}.Release|Any CPU.ActiveCfg = Release|Any CPU
		{A8B6A5B3-4533-4A83-945A-8D5C3AE0FBE7}.Release|Any CPU.Build.0 = Release|Any CPU
		{A8B6A5B3-4533-4A83-945A-8D5C3AE0FBE7}.Release|Any CPU.Deploy.0 = Release|Any CPU
		{A8B6A5B3-4533-4A83-945A-8D5C3AE0FBE7}.Release|iPhone.ActiveCfg = Release|Any CPU
		{A8B6A5B3-4533-4A83-945A-8D5C3AE0FBE7}.Release|iPhone.Build.0 = Release|Any CPU
		{A8B6A5B3-4533-4A83-945A-8D5C3AE0FBE7}.Release|iPhone.Deploy.0 = Release|Any CPU
		{A8B6A5B3-4533-4A83-945A-8D5C3AE0FBE7}.Release|iPhoneSimulator.ActiveCfg = Release|Any CPU
		{A8B6A5B3-4533-4A83-945A-8D5C3AE0FBE7}.Release|iPhoneSimulator.Build.0 = Release|Any CPU
		{A8B6A5B3-4533-4A83-945A-8D5C3AE0FBE7}.Release|iPhoneSimulator.Deploy.0 = Release|Any CPU
		{856721AE-122E-4EE1-BCA6-FC6055CA29BC}.Ad-Hoc|Any CPU.ActiveCfg = Ad-Hoc|iPhoneSimulator
		{856721AE-122E-4EE1-BCA6-FC6055CA29BC}.Ad-Hoc|iPhone.ActiveCfg = Ad-Hoc|iPhone
		{856721AE-122E-4EE1-BCA6-FC6055CA29BC}.Ad-Hoc|iPhone.Build.0 = Ad-Hoc|iPhone
		{856721AE-122E-4EE1-BCA6-FC6055CA29BC}.Ad-Hoc|iPhoneSimulator.ActiveCfg = Ad-Hoc|iPhoneSimulator
		{856721AE-122E-4EE1-BCA6-FC6055CA29BC}.Ad-Hoc|iPhoneSimulator.Build.0 = Ad-Hoc|iPhoneSimulator
		{856721AE-122E-4EE1-BCA6-FC6055CA29BC}.AppStore|Any CPU.ActiveCfg = AppStore|iPhoneSimulator
		{856721AE-122E-4EE1-BCA6-FC6055CA29BC}.AppStore|iPhone.ActiveCfg = AppStore|iPhone
		{856721AE-122E-4EE1-BCA6-FC6055CA29BC}.AppStore|iPhone.Build.0 = AppStore|iPhone
		{856721AE-122E-4EE1-BCA6-FC6055CA29BC}.AppStore|iPhoneSimulator.ActiveCfg = AppStore|iPhoneSimulator
		{856721AE-122E-4EE1-BCA6-FC6055CA29BC}.AppStore|iPhoneSimulator.Build.0 = AppStore|iPhoneSimulator
		{856721AE-122E-4EE1-BCA6-FC6055CA29BC}.Debug|Any CPU.ActiveCfg = Debug|iPhoneSimulator
		{856721AE-122E-4EE1-BCA6-FC6055CA29BC}.Debug|iPhone.ActiveCfg = Debug|iPhone
		{856721AE-122E-4EE1-BCA6-FC6055CA29BC}.Debug|iPhone.Build.0 = Debug|iPhone
		{856721AE-122E-4EE1-BCA6-FC6055CA29BC}.Debug|iPhoneSimulator.ActiveCfg = Debug|iPhoneSimulator
		{856721AE-122E-4EE1-BCA6-FC6055CA29BC}.Debug|iPhoneSimulator.Build.0 = Debug|iPhoneSimulator
		{856721AE-122E-4EE1-BCA6-FC6055CA29BC}.Release|Any CPU.ActiveCfg = Release|iPhoneSimulator
		{856721AE-122E-4EE1-BCA6-FC6055CA29BC}.Release|iPhone.ActiveCfg = Release|iPhone
		{856721AE-122E-4EE1-BCA6-FC6055CA29BC}.Release|iPhone.Build.0 = Release|iPhone
		{856721AE-122E-4EE1-BCA6-FC6055CA29BC}.Release|iPhoneSimulator.ActiveCfg = Release|iPhoneSimulator
		{856721AE-122E-4EE1-BCA6-FC6055CA29BC}.Release|iPhoneSimulator.Build.0 = Release|iPhoneSimulator
	EndGlobalSection
	GlobalSection(SolutionProperties) = preSolution
		HideSolutionNode = FALSE
	EndGlobalSection
	GlobalSection(NestedProjects) = preSolution
		{6684810F-AA34-4574-B1CA-CE86EF41662E} = {1A894D6E-F179-4E11-A0B3-22FF81CC5D30}
		{ACE5136C-B5C9-4941-BD57-7A584F8A8ACB} = {7D490490-4FD4-4322-8E07-BCFE701769E6}
		{A8B6A5B3-4533-4A83-945A-8D5C3AE0FBE7} = {7D490490-4FD4-4322-8E07-BCFE701769E6}
		{856721AE-122E-4EE1-BCA6-FC6055CA29BC} = {7D490490-4FD4-4322-8E07-BCFE701769E6}
	EndGlobalSection
	GlobalSection(ExtensibilityGlobals) = postSolution
		SolutionGuid = {3FF67FC6-A146-48DA-B2CF-E95DA09DA96B}
	EndGlobalSection
EndGlobal
