
Microsoft Visual Studio Solution File, Format Version 12.00
# Visual Studio Version 16
VisualStudioVersion = 16.0.30413.136
MinimumVisualStudioVersion = 10.0.40219.1
Project("{2150E333-8FDC-42A3-9474-1A3956D46DE8}") = "Movil", "Movil", "{7D490490-4FD4-4322-8E07-BCFE701769E6}"
EndProject
Project("{2150E333-8FDC-42A3-9474-1A3956D46DE8}") = "Web", "Web", "{1A894D6E-F179-4E11-A0B3-22FF81CC5D30}"
EndProject
Project("{9A19103F-16F7-4668-BE54-9A1E7A4F7556}") = "MyLeasing.Common", "MyLeasing.Common\MyLeasing.Common.csproj", "{60D2AA8B-7C87-48F8-A24D-162BC57B4E1F}"
EndProject
Project("{9A19103F-16F7-4668-BE54-9A1E7A4F7556}") = "MyLeasing.Api", "MyLeasing.Api\MyLeasing.Api.csproj", "{6684810F-AA34-4574-B1CA-CE86EF41662E}"
EndProject
Global
	GlobalSection(SolutionConfigurationPlatforms) = preSolution
		Debug|Any CPU = Debug|Any CPU
		Debug|iPhone = Debug|iPhone
		Debug|iPhoneSimulator = Debug|iPhoneSimulator
		Release|Any CPU = Release|Any CPU
		Release|iPhone = Release|iPhone
		Release|iPhoneSimulator = Release|iPhoneSimulator
	EndGlobalSection
	GlobalSection(ProjectConfigurationPlatforms) = postSolution
		{60D2AA8B-7C87-48F8-A24D-162BC57B4E1F}.Debug|Any CPU.ActiveCfg = Debug|Any CPU
		{60D2AA8B-7C87-48F8-A24D-162BC57B4E1F}.Debug|Any CPU.Build.0 = Debug|Any CPU
		{60D2AA8B-7C87-48F8-A24D-162BC57B4E1F}.Debug|iPhone.ActiveCfg = Debug|Any CPU
		{60D2AA8B-7C87-48F8-A24D-162BC57B4E1F}.Debug|iPhone.Build.0 = Debug|Any CPU
		{60D2AA8B-7C87-48F8-A24D-162BC57B4E1F}.Debug|iPhoneSimulator.ActiveCfg = Debug|Any CPU
		{60D2AA8B-7C87-48F8-A24D-162BC57B4E1F}.Debug|iPhoneSimulator.Build.0 = Debug|Any CPU
		{60D2AA8B-7C87-48F8-A24D-162BC57B4E1F}.Release|Any CPU.ActiveCfg = Release|Any CPU
		{60D2AA8B-7C87-48F8-A24D-162BC57B4E1F}.Release|Any CPU.Build.0 = Release|Any CPU
		{60D2AA8B-7C87-48F8-A24D-162BC57B4E1F}.Release|iPhone.ActiveCfg = Release|Any CPU
		{60D2AA8B-7C87-48F8-A24D-162BC57B4E1F}.Release|iPhone.Build.0 = Release|Any CPU
		{60D2AA8B-7C87-48F8-A24D-162BC57B4E1F}.Release|iPhoneSimulator.ActiveCfg = Release|Any CPU
		{60D2AA8B-7C87-48F8-A24D-162BC57B4E1F}.Release|iPhoneSimulator.Build.0 = Release|Any CPU
		{6684810F-AA34-4574-B1CA-CE86EF41662E}.Debug|Any CPU.ActiveCfg = Debug|Any CPU
		{6684810F-AA34-4574-B1CA-CE86EF41662E}.Debug|Any CPU.Build.0 = Debug|Any CPU
		{6684810F-AA34-4574-B1CA-CE86EF41662E}.Debug|iPhone.ActiveCfg = Debug|Any CPU
		{6684810F-AA34-4574-B1CA-CE86EF41662E}.Debug|iPhone.Build.0 = Debug|Any CPU
		{6684810F-AA34-4574-B1CA-CE86EF41662E}.Debug|iPhoneSimulator.ActiveCfg = Debug|Any CPU
		{6684810F-AA34-4574-B1CA-CE86EF41662E}.Debug|iPhoneSimulator.Build.0 = Debug|Any CPU
		{6684810F-AA34-4574-B1CA-CE86EF41662E}.Release|Any CPU.ActiveCfg = Release|Any CPU
		{6684810F-AA34-4574-B1CA-CE86EF41662E}.Release|Any CPU.Build.0 = Release|Any CPU
		{6684810F-AA34-4574-B1CA-CE86EF41662E}.Release|iPhone.ActiveCfg = Release|Any CPU
		{6684810F-AA34-4574-B1CA-CE86EF41662E}.Release|iPhone.Build.0 = Release|Any CPU
		{6684810F-AA34-4574-B1CA-CE86EF41662E}.Release|iPhoneSimulator.ActiveCfg = Release|Any CPU
		{6684810F-AA34-4574-B1CA-CE86EF41662E}.Release|iPhoneSimulator.Build.0 = Release|Any CPU
	EndGlobalSection
	GlobalSection(SolutionProperties) = preSolution
		HideSolutionNode = FALSE
	EndGlobalSection
	GlobalSection(NestedProjects) = preSolution
		{6684810F-AA34-4574-B1CA-CE86EF41662E} = {1A894D6E-F179-4E11-A0B3-22FF81CC5D30}
	EndGlobalSection
	GlobalSection(ExtensibilityGlobals) = postSolution
		SolutionGuid = {3FF67FC6-A146-48DA-B2CF-E95DA09DA96B}
	EndGlobalSection
EndGlobal
